
Microsoft Visual Studio Solution File, Format Version 12.00
# Visual Studio Version 16
VisualStudioVersion = 16.0.32413.511
MinimumVisualStudioVersion = 10.0.40219.1
Project("{FAE04EC0-301F-11D3-BF4B-00C04F79EFBC}") = "MyKitchen_ServerSide1", "MyKitchen_ServerSide1\MyKitchen_ServerSide1.csproj", "{67AF0B10-0984-42EA-96BB-8EEF236493FB}"
EndProject
Global
	GlobalSection(SolutionConfigurationPlatforms) = preSolution
		Debug|Any CPU = Debug|Any CPU
		Release|Any CPU = Release|Any CPU
	EndGlobalSection
	GlobalSection(ProjectConfigurationPlatforms) = postSolution
		{67AF0B10-0984-42EA-96BB-8EEF236493FB}.Debug|Any CPU.ActiveCfg = Debug|Any CPU
		{67AF0B10-0984-42EA-96BB-8EEF236493FB}.Debug|Any CPU.Build.0 = Debug|Any CPU
		{67AF0B10-0984-42EA-96BB-8EEF236493FB}.Release|Any CPU.ActiveCfg = Release|Any CPU
		{67AF0B10-0984-42EA-96BB-8EEF236493FB}.Release|Any CPU.Build.0 = Release|Any CPU
	EndGlobalSection
	GlobalSection(SolutionProperties) = preSolution
		HideSolutionNode = FALSE
	EndGlobalSection
	GlobalSection(ExtensibilityGlobals) = postSolution
		SolutionGuid = {B12DA4B7-A733-45F0-A98F-4090FF2994D9}
	EndGlobalSection
EndGlobal
